{
  "name": "graphql-fields-projection",
  "version": "1.0.0",
  "lockfileVersion": 2,
  "requires": true,
  "packages": {
    "": {
      "name": "graphql-fields-projection",
      "version": "1.0.0",
      "license": "ISC",
      "dependencies": {
        "graphql-fields": "^2.0.3",
        "lodash": "^4.17.21"
      }
    },
    "node_modules/graphql-fields": {
      "version": "2.0.3",
      "resolved": "https://registry.npmjs.org/graphql-fields/-/graphql-fields-2.0.3.tgz",
      "integrity": "sha512-x3VE5lUcR4XCOxPIqaO4CE+bTK8u6gVouOdpQX9+EKHr+scqtK5Pp/l8nIGqIpN1TUlkKE6jDCCycm/WtLRAwA=="
    },
    "node_modules/lodash": {
      "version": "4.17.21",
      "resolved": "https://registry.npmjs.org/lodash/-/lodash-4.17.21.tgz",
      "integrity": "sha512-v2kDEe57lecTulaDIuNTPy3Ry4gLGJ6Z1O3vE1krgXZNrsQ+LFTGHVxVjcXPs17LhbZVGedAJv8XZ1tvj5FvSg=="
    }
  },
  "dependencies": {
    "graphql-fields": {
      "version": "2.0.3",
      "resolved": "https://registry.npmjs.org/graphql-fields/-/graphql-fields-2.0.3.tgz",
      "integrity": "sha512-x3VE5lUcR4XCOxPIqaO4CE+bTK8u6gVouOdpQX9+EKHr+scqtK5Pp/l8nIGqIpN1TUlkKE6jDCCycm/WtLRAwA=="
    },
    "lodash": {
      "version": "4.17.21",
      "resolved": "https://registry.npmjs.org/lodash/-/lodash-4.17.21.tgz",
      "integrity": "sha512-v2kDEe57lecTulaDIuNTPy3Ry4gLGJ6Z1O3vE1krgXZNrsQ+LFTGHVxVjcXPs17LhbZVGedAJv8XZ1tvj5FvSg=="
    }
  }
}
